
Microsoft Visual Studio Solution File, Format Version 12.00
# Visual Studio 14
VisualStudioVersion = 14.0.25420.1
MinimumVisualStudioVersion = 10.0.40219.1
Project("{FAE04EC0-301F-11D3-BF4B-00C04F79EFBC}") = "Server", "Server\Server.csproj", "{987C0CC5-48A0-4287-9E8B-7D023A926794}"
EndProject
Project("{FAE04EC0-301F-11D3-BF4B-00C04F79EFBC}") = "Client", "Client\Client.csproj", "{1AF1EB5D-8874-40CC-B07A-E8C07D3F0B50}"
EndProject
Global
	GlobalSection(SolutionConfigurationPlatforms) = preSolution
		Debug|Any CPU = Debug|Any CPU
		Release|Any CPU = Release|Any CPU
	EndGlobalSection
	GlobalSection(ProjectConfigurationPlatforms) = postSolution
		{987C0CC5-48A0-4287-9E8B-7D023A926794}.Debug|Any CPU.ActiveCfg = Debug|Any CPU
		{987C0CC5-48A0-4287-9E8B-7D023A926794}.Debug|Any CPU.Build.0 = Debug|Any CPU
		{987C0CC5-48A0-4287-9E8B-7D023A926794}.Release|Any CPU.ActiveCfg = Release|Any CPU
		{987C0CC5-48A0-4287-9E8B-7D023A926794}.Release|Any CPU.Build.0 = Release|Any CPU
		{1AF1EB5D-8874-40CC-B07A-E8C07D3F0B50}.Debug|Any CPU.ActiveCfg = Debug|Any CPU
		{1AF1EB5D-8874-40CC-B07A-E8C07D3F0B50}.Debug|Any CPU.Build.0 = Debug|Any CPU
		{1AF1EB5D-8874-40CC-B07A-E8C07D3F0B50}.Release|Any CPU.ActiveCfg = Release|Any CPU
		{1AF1EB5D-8874-40CC-B07A-E8C07D3F0B50}.Release|Any CPU.Build.0 = Release|Any CPU
	EndGlobalSection
	GlobalSection(SolutionProperties) = preSolution
		HideSolutionNode = FALSE
	EndGlobalSection
EndGlobal
